<?xml version="1.0" encoding="utf-8"?>
<Project ToolsVersion="4.0" xmlns="http://schemas.microsoft.com/developer/msbuild/2003">
  <ItemGroup>
    <Filter Include="Sources">
      <UniqueIdentifier>{a0d2e589-1b54-4f5d-967a-21a932b98536}</UniqueIdentifier>
    </Filter>
    <Filter Include="Headers">
      <UniqueIdentifier>{059bf373-1664-43a0-8747-707fa113742f}</UniqueIdentifier>
    </Filter>
    <Filter Include="Shaders">
      <UniqueIdentifier>{a27dd832-36b8-4899-a2ba-81a966b384cb}</UniqueIdentifier>
    </Filter>
    <Filter Include="Headers\Math">
      <UniqueIdentifier>{a287e5a9-88ce-4638-a7ae-f8dcea7835f1}</UniqueIdentifier>
    </Filter>
    <Filter Include="Sources\Math">
      <UniqueIdentifier>{6ce6ff32-ff67-4bdf-a0e1-3fec0deb9f50}</UniqueIdentifier>
    </Filter>
    <Filter Include="Sources\Colliders">
      <UniqueIdentifier>{dcbfc21c-cba8-4d94-bddc-bd53a6d83606}</UniqueIdentifier>
    </Filter>
    <Filter Include="Headers\Colliders">
      <UniqueIdentifier>{68a8d2e6-9800-4eed-a372-c6a0bfff5fff}</UniqueIdentifier>
    </Filter>
    <Filter Include="Headers\Components">
      <UniqueIdentifier>{c88fa08d-7799-4558-9468-41c93122421e}</UniqueIdentifier>
    </Filter>
    <Filter Include="Sources\Components">
      <UniqueIdentifier>{945460ad-a8cf-4974-8534-9024ccc4a608}</UniqueIdentifier>
    </Filter>
  </ItemGroup>
  <ItemGroup>
    <ClInclude Include="GameObject.h">
      <Filter>Headers</Filter>
    </ClInclude>
    <ClInclude Include="Mesh.h">
      <Filter>Headers</Filter>
    </ClInclude>
    <ClInclude Include="Shader.h">
      <Filter>Headers</Filter>
    </ClInclude>
    <ClInclude Include="Triangle.h">
      <Filter>Headers</Filter>
    </ClInclude>
    <ClInclude Include="Utils.h">
      <Filter>Headers</Filter>
    </ClInclude>
    <ClInclude Include="Vector2.h">
      <Filter>Headers\Math</Filter>
    </ClInclude>
    <ClInclude Include="Vector3.h">
      <Filter>Headers\Math</Filter>
    </ClInclude>
    <ClInclude Include="Vector4.h">
      <Filter>Headers\Math</Filter>
    </ClInclude>
    <ClInclude Include="SphereCollider.h">
      <Filter>Headers\Colliders</Filter>
    </ClInclude>
    <ClInclude Include="Collider.h">
      <Filter>Headers\Colliders</Filter>
    </ClInclude>
    <ClInclude Include="Octree.h">
      <Filter>Headers</Filter>
    </ClInclude>
    <ClInclude Include="FrustrumCollider.h">
      <Filter>Headers\Colliders</Filter>
    </ClInclude>
    <ClInclude Include="Quaternion.h">
      <Filter>Headers\Math</Filter>
    </ClInclude>
    <ClInclude Include="Matrix4.h">
      <Filter>Headers\Math</Filter>
    </ClInclude>
    <ClInclude Include="BoxCollider.h">
      <Filter>Headers\Colliders</Filter>
    </ClInclude>
    <ClInclude Include="Bounds.h">
      <Filter>Headers\Colliders</Filter>
    </ClInclude>
    <ClInclude Include="Settings.h">
      <Filter>Headers</Filter>
    </ClInclude>
    <ClInclude Include="Camera.h">
      <Filter>Headers\Components</Filter>
    </ClInclude>
    <ClInclude Include="Component.h">
      <Filter>Headers\Components</Filter>
    </ClInclude>
    <ClInclude Include="Light.h">
      <Filter>Headers\Components</Filter>
    </ClInclude>
    <ClInclude Include="Material.h">
      <Filter>Headers\Components</Filter>
    </ClInclude>
    <ClInclude Include="MeshRenderer.h">
      <Filter>Headers\Components</Filter>
    </ClInclude>
    <ClInclude Include="Rigidbody.h">
      <Filter>Headers\Components</Filter>
    </ClInclude>
    <ClInclude Include="Transform.h">
      <Filter>Headers\Components</Filter>
    </ClInclude>
    <ClInclude Include="Game.h">
      <Filter>Headers</Filter>
    </ClInclude>
    <ClInclude Include="TestGame.h">
      <Filter>Headers</Filter>
    </ClInclude>
    <ClInclude Include="Input.h">
      <Filter>Headers</Filter>
    </ClInclude>
    <ClInclude Include="Screen.h">
      <Filter>Headers</Filter>
    </ClInclude>
    <ClInclude Include="Spawner.h">
      <Filter>Headers\Components</Filter>
    </ClInclude>
    <ClInclude Include="dxerr.h">
      <Filter>Headers</Filter>
    </ClInclude>
    <ClInclude Include="Spin.h">
      <Filter>Headers\Components</Filter>
    </ClInclude>
    <ClInclude Include="Texture.h">
      <Filter>Headers</Filter>
    </ClInclude>
  </ItemGroup>
  <ItemGroup>
    <ClCompile Include="GameObject.cpp">
      <Filter>Sources</Filter>
    </ClCompile>
    <ClCompile Include="Main.cpp">
      <Filter>Sources</Filter>
    </ClCompile>
    <ClCompile Include="Mesh.cpp">
      <Filter>Sources</Filter>
    </ClCompile>
    <ClCompile Include="Shader.cpp">
      <Filter>Sources</Filter>
    </ClCompile>
    <ClCompile Include="Triangle.cpp">
      <Filter>Sources</Filter>
    </ClCompile>
    <ClCompile Include="Utils.cpp">
      <Filter>Sources</Filter>
    </ClCompile>
    <ClCompile Include="Vector2.cpp">
      <Filter>Sources\Math</Filter>
    </ClCompile>
    <ClCompile Include="Vector3.cpp">
      <Filter>Sources\Math</Filter>
    </ClCompile>
    <ClCompile Include="Vector4.cpp">
      <Filter>Sources\Math</Filter>
    </ClCompile>
    <ClCompile Include="Collider.cpp">
      <Filter>Sources\Colliders</Filter>
    </ClCompile>
    <ClCompile Include="SphereCollider.cpp">
      <Filter>Sources\Colliders</Filter>
    </ClCompile>
    <ClCompile Include="Octree.cpp">
      <Filter>Sources</Filter>
    </ClCompile>
    <ClCompile Include="FrustrumCollider.cpp">
      <Filter>Sources\Colliders</Filter>
    </ClCompile>
    <ClCompile Include="Quaternion.cpp">
      <Filter>Sources\Math</Filter>
    </ClCompile>
    <ClCompile Include="Matrix4.cpp">
      <Filter>Sources\Math</Filter>
    </ClCompile>
    <ClCompile Include="BoxCollider.cpp">
      <Filter>Sources\Colliders</Filter>
    </ClCompile>
    <ClCompile Include="Bounds.cpp">
      <Filter>Sources\Colliders</Filter>
    </ClCompile>
    <ClCompile Include="Component.cpp">
      <Filter>Sources\Components</Filter>
    </ClCompile>
    <ClCompile Include="Camera.cpp">
      <Filter>Sources\Components</Filter>
    </ClCompile>
    <ClCompile Include="Light.cpp">
      <Filter>Sources\Components</Filter>
    </ClCompile>
    <ClCompile Include="Material.cpp">
      <Filter>Sources\Components</Filter>
    </ClCompile>
    <ClCompile Include="MeshRenderer.cpp">
      <Filter>Sources\Components</Filter>
    </ClCompile>
    <ClCompile Include="Rigidbody.cpp">
      <Filter>Sources\Components</Filter>
    </ClCompile>
    <ClCompile Include="Transform.cpp">
      <Filter>Sources\Components</Filter>
    </ClCompile>
    <ClCompile Include="Game.cpp">
      <Filter>Sources</Filter>
    </ClCompile>
    <ClCompile Include="TestGame.cpp">
      <Filter>Sources</Filter>
    </ClCompile>
    <ClCompile Include="Input.cpp">
      <Filter>Sources</Filter>
    </ClCompile>
    <ClCompile Include="Screen.cpp">
      <Filter>Sources</Filter>
    </ClCompile>
    <ClCompile Include="Spawner.cpp">
      <Filter>Sources\Components</Filter>
    </ClCompile>
    <ClCompile Include="dxerr.cpp">
      <Filter>Sources</Filter>
    </ClCompile>
    <ClCompile Include="MaterialGL.cpp">
      <Filter>Sources\Components</Filter>
    </ClCompile>
    <ClCompile Include="MaterialD3D.cpp">
      <Filter>Sources\Components</Filter>
    </ClCompile>
    <ClCompile Include="Spin.cpp">
      <Filter>Sources\Components</Filter>
    </ClCompile>
    <ClCompile Include="Texture.cpp">
      <Filter>Sources</Filter>
    </ClCompile>
    <ClCompile Include="TextureD3D.cpp">
      <Filter>Sources</Filter>
    </ClCompile>
    <ClCompile Include="TextureGL.cpp">
      <Filter>Sources</Filter>
    </ClCompile>
    <ClCompile Include="ShaderGL.cpp">
      <Filter>Sources</Filter>
    </ClCompile>
    <ClCompile Include="ShaderD3D.cpp">
      <Filter>Sources</Filter>
    </ClCompile>
  </ItemGroup>
  <ItemGroup>
    <None Include="Shaders\PixelShader.glsl">
      <Filter>Shaders</Filter>
    </None>
    <None Include="Shaders\VertexShader.glsl">
      <Filter>Shaders</Filter>
    </None>
  </ItemGroup>
  <ItemGroup>
    <FxCompile Include="Shaders\PixelShader.hlsl">
      <Filter>Shaders</Filter>
    </FxCompile>
    <FxCompile Include="Shaders\VertexShader.hlsl">
      <Filter>Shaders</Filter>
    </FxCompile>
  </ItemGroup>
</Project>